// !$*UTF8*$!
{
	archiveVersion = 1;
	classes = {
	};
	objectVersion = 46;
	objects = {

/* Begin PBXBuildFile section */
		113639541CA411F60027C632 /* main.cpp in Sources */ = {isa = PBXBuildFile; fileRef = 113639531CA411F60027C632 /* main.cpp */; };
		11685A6F1CAF63F000F3D022 /* BIGNUM.cpp in Sources */ = {isa = PBXBuildFile; fileRef = 11685A6D1CAF63F000F3D022 /* BIGNUM.cpp */; };
		119C600D1CB8E7A400D34106 /* problem2.cpp in Sources */ = {isa = PBXBuildFile; fileRef = 119C600B1CB8E7A400D34106 /* problem2.cpp */; };
		119C60101CB8E9A800D34106 /* problem3.cpp in Sources */ = {isa = PBXBuildFile; fileRef = 119C600E1CB8E9A800D34106 /* problem3.cpp */; };
		119C60131CB8EA5F00D34106 /* problem4.cpp in Sources */ = {isa = PBXBuildFile; fileRef = 119C60111CB8EA5F00D34106 /* problem4.cpp */; };
		119C60161CB8EC2E00D34106 /* problem5.cpp in Sources */ = {isa = PBXBuildFile; fileRef = 119C60141CB8EC2E00D34106 /* problem5.cpp */; };
		119C60191CB8ED0C00D34106 /* problem6.cpp in Sources */ = {isa = PBXBuildFile; fileRef = 119C60171CB8ED0C00D34106 /* problem6.cpp */; };
		119C601C1CB8EDB400D34106 /* problem7.cpp in Sources */ = {isa = PBXBuildFile; fileRef = 119C601A1CB8EDB400D34106 /* problem7.cpp */; };
		119C601F1CB8EE9000D34106 /* problem8.cpp in Sources */ = {isa = PBXBuildFile; fileRef = 119C601D1CB8EE9000D34106 /* problem8.cpp */; };
		119C60221CB8EF3400D34106 /* problem9.cpp in Sources */ = {isa = PBXBuildFile; fileRef = 119C60201CB8EF3400D34106 /* problem9.cpp */; };
		119C60251CB8EFDE00D34106 /* problem10.cpp in Sources */ = {isa = PBXBuildFile; fileRef = 119C60231CB8EFDE00D34106 /* problem10.cpp */; };
		119C60281CB8F12600D34106 /* problem11.cpp in Sources */ = {isa = PBXBuildFile; fileRef = 119C60261CB8F12600D34106 /* problem11.cpp */; };
		119C602B1CB8F1B900D34106 /* problem12.cpp in Sources */ = {isa = PBXBuildFile; fileRef = 119C60291CB8F1B900D34106 /* problem12.cpp */; };
		119C602E1CB8F26800D34106 /* problem13.cpp in Sources */ = {isa = PBXBuildFile; fileRef = 119C602C1CB8F26800D34106 /* problem13.cpp */; };
		119C60311CB8F34000D34106 /* problem14.cpp in Sources */ = {isa = PBXBuildFile; fileRef = 119C602F1CB8F34000D34106 /* problem14.cpp */; };
		119C60341CB8F41700D34106 /* problem16.cpp in Sources */ = {isa = PBXBuildFile; fileRef = 119C60321CB8F41700D34106 /* problem16.cpp */; };
		119C60371CB8F53A00D34106 /* problem18.cpp in Sources */ = {isa = PBXBuildFile; fileRef = 119C60351CB8F53A00D34106 /* problem18.cpp */; };
		119C603A1CB8F5D800D34106 /* problem19.cpp in Sources */ = {isa = PBXBuildFile; fileRef = 119C60381CB8F5D800D34106 /* problem19.cpp */; };
		119C603D1CB9495500D34106 /* problem20.cpp in Sources */ = {isa = PBXBuildFile; fileRef = 119C603B1CB9495500D34106 /* problem20.cpp */; };
		119C60401CB94AB400D34106 /* problem21.cpp in Sources */ = {isa = PBXBuildFile; fileRef = 119C603E1CB94AB400D34106 /* problem21.cpp */; };
		119C60431CB94BD100D34106 /* problem22.cpp in Sources */ = {isa = PBXBuildFile; fileRef = 119C60411CB94BD100D34106 /* problem22.cpp */; };
		119C60461CB94C7000D34106 /* problem23.cpp in Sources */ = {isa = PBXBuildFile; fileRef = 119C60441CB94C7000D34106 /* problem23.cpp */; };
		119C60491CB94CDC00D34106 /* problem25.cpp in Sources */ = {isa = PBXBuildFile; fileRef = 119C60471CB94CDC00D34106 /* problem25.cpp */; };
		119C604C1CB94DE900D34106 /* problem26.cpp in Sources */ = {isa = PBXBuildFile; fileRef = 119C604A1CB94DE900D34106 /* problem26.cpp */; };
		119C604F1CB94EC400D34106 /* problem28.cpp in Sources */ = {isa = PBXBuildFile; fileRef = 119C604D1CB94EC400D34106 /* problem28.cpp */; };
		119C60521CB950E100D34106 /* problem27.cpp in Sources */ = {isa = PBXBuildFile; fileRef = 119C60501CB950E100D34106 /* problem27.cpp */; };
		119C60551CB9523200D34106 /* problem30.cpp in Sources */ = {isa = PBXBuildFile; fileRef = 119C60531CB9523200D34106 /* problem30.cpp */; };
		119C60581CB952F800D34106 /* problem31.cpp in Sources */ = {isa = PBXBuildFile; fileRef = 119C60561CB952F800D34106 /* problem31.cpp */; };
		119C605B1CB9537100D34106 /* problem34.cpp in Sources */ = {isa = PBXBuildFile; fileRef = 119C60591CB9537100D34106 /* problem34.cpp */; };
		119C605E1CB9560100D34106 /* problem56.cpp in Sources */ = {isa = PBXBuildFile; fileRef = 119C605C1CB9560100D34106 /* problem56.cpp */; };
		119C60611CB9585900D34106 /* problem63.cpp in Sources */ = {isa = PBXBuildFile; fileRef = 119C605F1CB9585900D34106 /* problem63.cpp */; };
/* End PBXBuildFile section */

/* Begin PBXCopyFilesBuildPhase section */
		1136394E1CA411F60027C632 /* CopyFiles */ = {
			isa = PBXCopyFilesBuildPhase;
			buildActionMask = 2147483647;
			dstPath = /usr/share/man/man1/;
			dstSubfolderSpec = 0;
			files = (
			);
			runOnlyForDeploymentPostprocessing = 1;
		};
/* End PBXCopyFilesBuildPhase section */

/* Begin PBXFileReference section */
		113639501CA411F60027C632 /* Projecteuler */ = {isa = PBXFileReference; explicitFileType = "compiled.mach-o.executable"; includeInIndex = 0; path = Projecteuler; sourceTree = BUILT_PRODUCTS_DIR; };
		113639531CA411F60027C632 /* main.cpp */ = {isa = PBXFileReference; lastKnownFileType = sourcecode.cpp.cpp; path = main.cpp; sourceTree = "<group>"; };
		11685A6D1CAF63F000F3D022 /* BIGNUM.cpp */ = {isa = PBXFileReference; fileEncoding = 4; lastKnownFileType = sourcecode.cpp.cpp; path = BIGNUM.cpp; sourceTree = "<group>"; };
		11685A6E1CAF63F000F3D022 /* BIGNUM.hpp */ = {isa = PBXFileReference; fileEncoding = 4; lastKnownFileType = sourcecode.cpp.h; path = BIGNUM.hpp; sourceTree = "<group>"; };
		119C600B1CB8E7A400D34106 /* problem2.cpp */ = {isa = PBXFileReference; fileEncoding = 4; lastKnownFileType = sourcecode.cpp.cpp; path = problem2.cpp; sourceTree = "<group>"; };
		119C600C1CB8E7A400D34106 /* problem2.hpp */ = {isa = PBXFileReference; fileEncoding = 4; lastKnownFileType = sourcecode.cpp.h; path = problem2.hpp; sourceTree = "<group>"; };
		119C600E1CB8E9A800D34106 /* problem3.cpp */ = {isa = PBXFileReference; fileEncoding = 4; lastKnownFileType = sourcecode.cpp.cpp; path = problem3.cpp; sourceTree = "<group>"; };
		119C600F1CB8E9A800D34106 /* problem3.hpp */ = {isa = PBXFileReference; fileEncoding = 4; lastKnownFileType = sourcecode.cpp.h; path = problem3.hpp; sourceTree = "<group>"; };
		119C60111CB8EA5F00D34106 /* problem4.cpp */ = {isa = PBXFileReference; fileEncoding = 4; lastKnownFileType = sourcecode.cpp.cpp; path = problem4.cpp; sourceTree = "<group>"; };
		119C60121CB8EA5F00D34106 /* problem4.hpp */ = {isa = PBXFileReference; fileEncoding = 4; lastKnownFileType = sourcecode.cpp.h; path = problem4.hpp; sourceTree = "<group>"; };
		119C60141CB8EC2E00D34106 /* problem5.cpp */ = {isa = PBXFileReference; fileEncoding = 4; lastKnownFileType = sourcecode.cpp.cpp; path = problem5.cpp; sourceTree = "<group>"; };
		119C60151CB8EC2E00D34106 /* problem5.hpp */ = {isa = PBXFileReference; fileEncoding = 4; lastKnownFileType = sourcecode.cpp.h; path = problem5.hpp; sourceTree = "<group>"; };
		119C60171CB8ED0C00D34106 /* problem6.cpp */ = {isa = PBXFileReference; fileEncoding = 4; lastKnownFileType = sourcecode.cpp.cpp; path = problem6.cpp; sourceTree = "<group>"; };
		119C60181CB8ED0C00D34106 /* problem6.hpp */ = {isa = PBXFileReference; fileEncoding = 4; lastKnownFileType = sourcecode.cpp.h; path = problem6.hpp; sourceTree = "<group>"; };
		119C601A1CB8EDB400D34106 /* problem7.cpp */ = {isa = PBXFileReference; fileEncoding = 4; lastKnownFileType = sourcecode.cpp.cpp; path = problem7.cpp; sourceTree = "<group>"; };
		119C601B1CB8EDB400D34106 /* problem7.hpp */ = {isa = PBXFileReference; fileEncoding = 4; lastKnownFileType = sourcecode.cpp.h; path = problem7.hpp; sourceTree = "<group>"; };
		119C601D1CB8EE9000D34106 /* problem8.cpp */ = {isa = PBXFileReference; fileEncoding = 4; lastKnownFileType = sourcecode.cpp.cpp; path = problem8.cpp; sourceTree = "<group>"; };
		119C601E1CB8EE9000D34106 /* problem8.hpp */ = {isa = PBXFileReference; fileEncoding = 4; lastKnownFileType = sourcecode.cpp.h; path = problem8.hpp; sourceTree = "<group>"; };
		119C60201CB8EF3400D34106 /* problem9.cpp */ = {isa = PBXFileReference; fileEncoding = 4; lastKnownFileType = sourcecode.cpp.cpp; path = problem9.cpp; sourceTree = "<group>"; };
		119C60211CB8EF3400D34106 /* problem9.hpp */ = {isa = PBXFileReference; fileEncoding = 4; lastKnownFileType = sourcecode.cpp.h; path = problem9.hpp; sourceTree = "<group>"; };
		119C60231CB8EFDE00D34106 /* problem10.cpp */ = {isa = PBXFileReference; fileEncoding = 4; lastKnownFileType = sourcecode.cpp.cpp; path = problem10.cpp; sourceTree = "<group>"; };
		119C60241CB8EFDE00D34106 /* problem10.hpp */ = {isa = PBXFileReference; fileEncoding = 4; lastKnownFileType = sourcecode.cpp.h; path = problem10.hpp; sourceTree = "<group>"; };
		119C60261CB8F12600D34106 /* problem11.cpp */ = {isa = PBXFileReference; fileEncoding = 4; lastKnownFileType = sourcecode.cpp.cpp; path = problem11.cpp; sourceTree = "<group>"; };
		119C60271CB8F12600D34106 /* problem11.hpp */ = {isa = PBXFileReference; fileEncoding = 4; lastKnownFileType = sourcecode.cpp.h; path = problem11.hpp; sourceTree = "<group>"; };
		119C60291CB8F1B900D34106 /* problem12.cpp */ = {isa = PBXFileReference; fileEncoding = 4; lastKnownFileType = sourcecode.cpp.cpp; path = problem12.cpp; sourceTree = "<group>"; };
		119C602A1CB8F1B900D34106 /* problem12.hpp */ = {isa = PBXFileReference; fileEncoding = 4; lastKnownFileType = sourcecode.cpp.h; path = problem12.hpp; sourceTree = "<group>"; };
		119C602C1CB8F26800D34106 /* problem13.cpp */ = {isa = PBXFileReference; fileEncoding = 4; lastKnownFileType = sourcecode.cpp.cpp; path = problem13.cpp; sourceTree = "<group>"; };
		119C602D1CB8F26800D34106 /* problem13.hpp */ = {isa = PBXFileReference; fileEncoding = 4; lastKnownFileType = sourcecode.cpp.h; path = problem13.hpp; sourceTree = "<group>"; };
		119C602F1CB8F34000D34106 /* problem14.cpp */ = {isa = PBXFileReference; fileEncoding = 4; lastKnownFileType = sourcecode.cpp.cpp; path = problem14.cpp; sourceTree = "<group>"; };
		119C60301CB8F34000D34106 /* problem14.hpp */ = {isa = PBXFileReference; fileEncoding = 4; lastKnownFileType = sourcecode.cpp.h; path = problem14.hpp; sourceTree = "<group>"; };
		119C60321CB8F41700D34106 /* problem16.cpp */ = {isa = PBXFileReference; fileEncoding = 4; lastKnownFileType = sourcecode.cpp.cpp; path = problem16.cpp; sourceTree = "<group>"; };
		119C60331CB8F41700D34106 /* problem16.hpp */ = {isa = PBXFileReference; fileEncoding = 4; lastKnownFileType = sourcecode.cpp.h; path = problem16.hpp; sourceTree = "<group>"; };
		119C60351CB8F53A00D34106 /* problem18.cpp */ = {isa = PBXFileReference; fileEncoding = 4; lastKnownFileType = sourcecode.cpp.cpp; path = problem18.cpp; sourceTree = "<group>"; };
		119C60361CB8F53A00D34106 /* problem18.hpp */ = {isa = PBXFileReference; fileEncoding = 4; lastKnownFileType = sourcecode.cpp.h; path = problem18.hpp; sourceTree = "<group>"; };
		119C60381CB8F5D800D34106 /* problem19.cpp */ = {isa = PBXFileReference; fileEncoding = 4; lastKnownFileType = sourcecode.cpp.cpp; path = problem19.cpp; sourceTree = "<group>"; };
		119C60391CB8F5D800D34106 /* problem19.hpp */ = {isa = PBXFileReference; fileEncoding = 4; lastKnownFileType = sourcecode.cpp.h; path = problem19.hpp; sourceTree = "<group>"; };
		119C603B1CB9495500D34106 /* problem20.cpp */ = {isa = PBXFileReference; fileEncoding = 4; lastKnownFileType = sourcecode.cpp.cpp; path = problem20.cpp; sourceTree = "<group>"; };
		119C603C1CB9495500D34106 /* problem20.hpp */ = {isa = PBXFileReference; fileEncoding = 4; lastKnownFileType = sourcecode.cpp.h; path = problem20.hpp; sourceTree = "<group>"; };
		119C603E1CB94AB400D34106 /* problem21.cpp */ = {isa = PBXFileReference; fileEncoding = 4; lastKnownFileType = sourcecode.cpp.cpp; path = problem21.cpp; sourceTree = "<group>"; };
		119C603F1CB94AB400D34106 /* problem21.hpp */ = {isa = PBXFileReference; fileEncoding = 4; lastKnownFileType = sourcecode.cpp.h; path = problem21.hpp; sourceTree = "<group>"; };
		119C60411CB94BD100D34106 /* problem22.cpp */ = {isa = PBXFileReference; fileEncoding = 4; lastKnownFileType = sourcecode.cpp.cpp; path = problem22.cpp; sourceTree = "<group>"; };
		119C60421CB94BD100D34106 /* problem22.hpp */ = {isa = PBXFileReference; fileEncoding = 4; lastKnownFileType = sourcecode.cpp.h; path = problem22.hpp; sourceTree = "<group>"; };
		119C60441CB94C7000D34106 /* problem23.cpp */ = {isa = PBXFileReference; fileEncoding = 4; lastKnownFileType = sourcecode.cpp.cpp; path = problem23.cpp; sourceTree = "<group>"; };
		119C60451CB94C7000D34106 /* problem23.hpp */ = {isa = PBXFileReference; fileEncoding = 4; lastKnownFileType = sourcecode.cpp.h; path = problem23.hpp; sourceTree = "<group>"; };
		119C60471CB94CDC00D34106 /* problem25.cpp */ = {isa = PBXFileReference; fileEncoding = 4; lastKnownFileType = sourcecode.cpp.cpp; path = problem25.cpp; sourceTree = "<group>"; };
		119C60481CB94CDC00D34106 /* problem25.hpp */ = {isa = PBXFileReference; fileEncoding = 4; lastKnownFileType = sourcecode.cpp.h; path = problem25.hpp; sourceTree = "<group>"; };
		119C604A1CB94DE900D34106 /* problem26.cpp */ = {isa = PBXFileReference; fileEncoding = 4; lastKnownFileType = sourcecode.cpp.cpp; path = problem26.cpp; sourceTree = "<group>"; };
		119C604B1CB94DE900D34106 /* problem26.hpp */ = {isa = PBXFileReference; fileEncoding = 4; lastKnownFileType = sourcecode.cpp.h; path = problem26.hpp; sourceTree = "<group>"; };
		119C604D1CB94EC400D34106 /* problem28.cpp */ = {isa = PBXFileReference; fileEncoding = 4; lastKnownFileType = sourcecode.cpp.cpp; path = problem28.cpp; sourceTree = "<group>"; };
		119C604E1CB94EC400D34106 /* problem28.hpp */ = {isa = PBXFileReference; fileEncoding = 4; lastKnownFileType = sourcecode.cpp.h; path = problem28.hpp; sourceTree = "<group>"; };
		119C60501CB950E100D34106 /* problem27.cpp */ = {isa = PBXFileReference; fileEncoding = 4; lastKnownFileType = sourcecode.cpp.cpp; path = problem27.cpp; sourceTree = "<group>"; };
		119C60511CB950E100D34106 /* problem27.hpp */ = {isa = PBXFileReference; fileEncoding = 4; lastKnownFileType = sourcecode.cpp.h; path = problem27.hpp; sourceTree = "<group>"; };
		119C60531CB9523200D34106 /* problem30.cpp */ = {isa = PBXFileReference; fileEncoding = 4; lastKnownFileType = sourcecode.cpp.cpp; path = problem30.cpp; sourceTree = "<group>"; };
		119C60541CB9523200D34106 /* problem30.hpp */ = {isa = PBXFileReference; fileEncoding = 4; lastKnownFileType = sourcecode.cpp.h; path = problem30.hpp; sourceTree = "<group>"; };
		119C60561CB952F800D34106 /* problem31.cpp */ = {isa = PBXFileReference; fileEncoding = 4; lastKnownFileType = sourcecode.cpp.cpp; path = problem31.cpp; sourceTree = "<group>"; };
		119C60571CB952F800D34106 /* problem31.hpp */ = {isa = PBXFileReference; fileEncoding = 4; lastKnownFileType = sourcecode.cpp.h; path = problem31.hpp; sourceTree = "<group>"; };
		119C60591CB9537100D34106 /* problem34.cpp */ = {isa = PBXFileReference; fileEncoding = 4; lastKnownFileType = sourcecode.cpp.cpp; path = problem34.cpp; sourceTree = "<group>"; };
		119C605A1CB9537100D34106 /* problem34.hpp */ = {isa = PBXFileReference; fileEncoding = 4; lastKnownFileType = sourcecode.cpp.h; path = problem34.hpp; sourceTree = "<group>"; };
		119C605C1CB9560100D34106 /* problem56.cpp */ = {isa = PBXFileReference; fileEncoding = 4; lastKnownFileType = sourcecode.cpp.cpp; path = problem56.cpp; sourceTree = "<group>"; };
		119C605D1CB9560100D34106 /* problem56.hpp */ = {isa = PBXFileReference; fileEncoding = 4; lastKnownFileType = sourcecode.cpp.h; path = problem56.hpp; sourceTree = "<group>"; };
		119C605F1CB9585900D34106 /* problem63.cpp */ = {isa = PBXFileReference; fileEncoding = 4; lastKnownFileType = sourcecode.cpp.cpp; path = problem63.cpp; sourceTree = "<group>"; };
		119C60601CB9585900D34106 /* problem63.hpp */ = {isa = PBXFileReference; fileEncoding = 4; lastKnownFileType = sourcecode.cpp.h; path = problem63.hpp; sourceTree = "<group>"; };
/* End PBXFileReference section */

/* Begin PBXFrameworksBuildPhase section */
		1136394D1CA411F60027C632 /* Frameworks */ = {
			isa = PBXFrameworksBuildPhase;
			buildActionMask = 2147483647;
			files = (
			);
			runOnlyForDeploymentPostprocessing = 0;
		};
/* End PBXFrameworksBuildPhase section */

/* Begin PBXGroup section */
		113639471CA411F60027C632 = {
			isa = PBXGroup;
			children = (
				113639521CA411F60027C632 /* Projecteuler */,
				113639511CA411F60027C632 /* Products */,
			);
			sourceTree = "<group>";
		};
		113639511CA411F60027C632 /* Products */ = {
			isa = PBXGroup;
			children = (
				113639501CA411F60027C632 /* Projecteuler */,
			);
			name = Products;
			sourceTree = "<group>";
		};
		113639521CA411F60027C632 /* Projecteuler */ = {
			isa = PBXGroup;
			children = (
				11685A6D1CAF63F000F3D022 /* BIGNUM.cpp */,
				11685A6E1CAF63F000F3D022 /* BIGNUM.hpp */,
				113639531CA411F60027C632 /* main.cpp */,
				119C600B1CB8E7A400D34106 /* problem2.cpp */,
				119C600C1CB8E7A400D34106 /* problem2.hpp */,
				119C600E1CB8E9A800D34106 /* problem3.cpp */,
				119C600F1CB8E9A800D34106 /* problem3.hpp */,
				119C60471CB94CDC00D34106 /* problem25.cpp */,
				119C60481CB94CDC00D34106 /* problem25.hpp */,
				119C60111CB8EA5F00D34106 /* problem4.cpp */,
				119C60411CB94BD100D34106 /* problem22.cpp */,
				119C60421CB94BD100D34106 /* problem22.hpp */,
				119C605C1CB9560100D34106 /* problem56.cpp */,
				119C605D1CB9560100D34106 /* problem56.hpp */,
				119C60121CB8EA5F00D34106 /* problem4.hpp */,
				119C60141CB8EC2E00D34106 /* problem5.cpp */,
				119C605F1CB9585900D34106 /* problem63.cpp */,
				119C60601CB9585900D34106 /* problem63.hpp */,
				119C60151CB8EC2E00D34106 /* problem5.hpp */,
				119C603E1CB94AB400D34106 /* problem21.cpp */,
				119C603F1CB94AB400D34106 /* problem21.hpp */,
				119C604D1CB94EC400D34106 /* problem28.cpp */,
				119C60531CB9523200D34106 /* problem30.cpp */,
				119C60541CB9523200D34106 /* problem30.hpp */,
				119C604E1CB94EC400D34106 /* problem28.hpp */,
				119C60591CB9537100D34106 /* problem34.cpp */,
				119C605A1CB9537100D34106 /* problem34.hpp */,
				119C60441CB94C7000D34106 /* problem23.cpp */,
				119C60561CB952F800D34106 /* problem31.cpp */,
				119C60571CB952F800D34106 /* problem31.hpp */,
				119C604A1CB94DE900D34106 /* problem26.cpp */,
				119C604B1CB94DE900D34106 /* problem26.hpp */,
				119C60451CB94C7000D34106 /* problem23.hpp */,
				119C60171CB8ED0C00D34106 /* problem6.cpp */,
				119C60501CB950E100D34106 /* problem27.cpp */,
				119C60511CB950E100D34106 /* problem27.hpp */,
				119C60181CB8ED0C00D34106 /* problem6.hpp */,
				119C601A1CB8EDB400D34106 /* problem7.cpp */,
				119C603B1CB9495500D34106 /* problem20.cpp */,
				119C603C1CB9495500D34106 /* problem20.hpp */,
				119C601B1CB8EDB400D34106 /* problem7.hpp */,
				119C601D1CB8EE9000D34106 /* problem8.cpp */,
				119C601E1CB8EE9000D34106 /* problem8.hpp */,
				119C60351CB8F53A00D34106 /* problem18.cpp */,
				119C60361CB8F53A00D34106 /* problem18.hpp */,
				119C60381CB8F5D800D34106 /* problem19.cpp */,
				119C60391CB8F5D800D34106 /* problem19.hpp */,
				119C60201CB8EF3400D34106 /* problem9.cpp */,
				119C60211CB8EF3400D34106 /* problem9.hpp */,
				119C60231CB8EFDE00D34106 /* problem10.cpp */,
				119C60241CB8EFDE00D34106 /* problem10.hpp */,
				119C60261CB8F12600D34106 /* problem11.cpp */,
				119C60271CB8F12600D34106 /* problem11.hpp */,
				119C60291CB8F1B900D34106 /* problem12.cpp */,
				119C602A1CB8F1B900D34106 /* problem12.hpp */,
				119C602C1CB8F26800D34106 /* problem13.cpp */,
				119C602D1CB8F26800D34106 /* problem13.hpp */,
				119C602F1CB8F34000D34106 /* problem14.cpp */,
				119C60301CB8F34000D34106 /* problem14.hpp */,
				119C60321CB8F41700D34106 /* problem16.cpp */,
				119C60331CB8F41700D34106 /* problem16.hpp */,
			);
			path = Projecteuler;
			sourceTree = "<group>";
		};
/* End PBXGroup section */

/* Begin PBXNativeTarget section */
		1136394F1CA411F60027C632 /* Projecteuler */ = {
			isa = PBXNativeTarget;
			buildConfigurationList = 113639571CA411F60027C632 /* Build configuration list for PBXNativeTarget "Projecteuler" */;
			buildPhases = (
				1136394C1CA411F60027C632 /* Sources */,
				1136394D1CA411F60027C632 /* Frameworks */,
				1136394E1CA411F60027C632 /* CopyFiles */,
			);
			buildRules = (
			);
			dependencies = (
			);
			name = Projecteuler;
			productName = Projecteuler;
			productReference = 113639501CA411F60027C632 /* Projecteuler */;
			productType = "com.apple.product-type.tool";
		};
/* End PBXNativeTarget section */

/* Begin PBXProject section */
		113639481CA411F60027C632 /* Project object */ = {
			isa = PBXProject;
			attributes = {
				LastUpgradeCheck = 0730;
				ORGANIZATIONNAME = "Shi Yue";
				TargetAttributes = {
					1136394F1CA411F60027C632 = {
						CreatedOnToolsVersion = 7.3;
					};
				};
			};
			buildConfigurationList = 1136394B1CA411F60027C632 /* Build configuration list for PBXProject "Projecteuler" */;
			compatibilityVersion = "Xcode 3.2";
			developmentRegion = English;
			hasScannedForEncodings = 0;
			knownRegions = (
				en,
			);
			mainGroup = 113639471CA411F60027C632;
			productRefGroup = 113639511CA411F60027C632 /* Products */;
			projectDirPath = "";
			projectRoot = "";
			targets = (
				1136394F1CA411F60027C632 /* Projecteuler */,
			);
		};
/* End PBXProject section */

/* Begin PBXSourcesBuildPhase section */
		1136394C1CA411F60027C632 /* Sources */ = {
			isa = PBXSourcesBuildPhase;
			buildActionMask = 2147483647;
			files = (
				119C602E1CB8F26800D34106 /* problem13.cpp in Sources */,
				119C60251CB8EFDE00D34106 /* problem10.cpp in Sources */,
				119C600D1CB8E7A400D34106 /* problem2.cpp in Sources */,
				119C60191CB8ED0C00D34106 /* problem6.cpp in Sources */,
				119C603D1CB9495500D34106 /* problem20.cpp in Sources */,
				119C60431CB94BD100D34106 /* problem22.cpp in Sources */,
				119C60101CB8E9A800D34106 /* problem3.cpp in Sources */,
				119C603A1CB8F5D800D34106 /* problem19.cpp in Sources */,
				119C60491CB94CDC00D34106 /* problem25.cpp in Sources */,
				119C60221CB8EF3400D34106 /* problem9.cpp in Sources */,
				119C60521CB950E100D34106 /* problem27.cpp in Sources */,
				119C60581CB952F800D34106 /* problem31.cpp in Sources */,
				119C60341CB8F41700D34106 /* problem16.cpp in Sources */,
				119C60281CB8F12600D34106 /* problem11.cpp in Sources */,
				119C60401CB94AB400D34106 /* problem21.cpp in Sources */,
				119C605B1CB9537100D34106 /* problem34.cpp in Sources */,
				119C60551CB9523200D34106 /* problem30.cpp in Sources */,
				119C60461CB94C7000D34106 /* problem23.cpp in Sources */,
				113639541CA411F60027C632 /* main.cpp in Sources */,
				119C60611CB9585900D34106 /* problem63.cpp in Sources */,
				119C60161CB8EC2E00D34106 /* problem5.cpp in Sources */,
				119C605E1CB9560100D34106 /* problem56.cpp in Sources */,
				119C601C1CB8EDB400D34106 /* problem7.cpp in Sources */,
				119C601F1CB8EE9000D34106 /* problem8.cpp in Sources */,
				119C602B1CB8F1B900D34106 /* problem12.cpp in Sources */,
				119C60131CB8EA5F00D34106 /* problem4.cpp in Sources */,
				11685A6F1CAF63F000F3D022 /* BIGNUM.cpp in Sources */,
				119C604F1CB94EC400D34106 /* problem28.cpp in Sources */,
				119C60371CB8F53A00D34106 /* problem18.cpp in Sources */,
				119C60311CB8F34000D34106 /* problem14.cpp in Sources */,
				119C604C1CB94DE900D34106 /* problem26.cpp in Sources */,
			);
			runOnlyForDeploymentPostprocessing = 0;
		};
/* End PBXSourcesBuildPhase section */

/* Begin XCBuildConfiguration section */
		113639551CA411F60027C632 /* Debug */ = {
			isa = XCBuildConfiguration;
			buildSettings = {
				ALWAYS_SEARCH_USER_PATHS = NO;
				CLANG_ANALYZER_NONNULL = YES;
				CLANG_CXX_LANGUAGE_STANDARD = "gnu++0x";
				CLANG_CXX_LIBRARY = "libc++";
				CLANG_ENABLE_MODULES = YES;
				CLANG_ENABLE_OBJC_ARC = YES;
				CLANG_WARN_BOOL_CONVERSION = YES;
				CLANG_WARN_CONSTANT_CONVERSION = YES;
				CLANG_WARN_DIRECT_OBJC_ISA_USAGE = YES_ERROR;
				CLANG_WARN_EMPTY_BODY = YES;
				CLANG_WARN_ENUM_CONVERSION = YES;
				CLANG_WARN_INT_CONVERSION = YES;
				CLANG_WARN_OBJC_ROOT_CLASS = YES_ERROR;
				CLANG_WARN_UNREACHABLE_CODE = YES;
				CLANG_WARN__DUPLICATE_METHOD_MATCH = YES;
				CODE_SIGN_IDENTITY = "-";
				COPY_PHASE_STRIP = NO;
				DEBUG_INFORMATION_FORMAT = dwarf;
				ENABLE_STRICT_OBJC_MSGSEND = YES;
				ENABLE_TESTABILITY = YES;
				GCC_C_LANGUAGE_STANDARD = gnu99;
				GCC_DYNAMIC_NO_PIC = NO;
				GCC_NO_COMMON_BLOCKS = YES;
				GCC_OPTIMIZATION_LEVEL = 0;
				GCC_PREPROCESSOR_DEFINITIONS = (
					"DEBUG=1",
					"$(inherited)",
				);
				GCC_WARN_64_TO_32_BIT_CONVERSION = YES;
				GCC_WARN_ABOUT_RETURN_TYPE = YES_ERROR;
				GCC_WARN_UNDECLARED_SELECTOR = YES;
				GCC_WARN_UNINITIALIZED_AUTOS = YES_AGGRESSIVE;
				GCC_WARN_UNUSED_FUNCTION = YES;
				GCC_WARN_UNUSED_VARIABLE = YES;
				MACOSX_DEPLOYMENT_TARGET = 10.11;
				MTL_ENABLE_DEBUG_INFO = YES;
				ONLY_ACTIVE_ARCH = YES;
				SDKROOT = macosx;
			};
			name = Debug;
		};
		113639561CA411F60027C632 /* Release */ = {
			isa = XCBuildConfiguration;
			buildSettings = {
				ALWAYS_SEARCH_USER_PATHS = NO;
				CLANG_ANALYZER_NONNULL = YES;
				CLANG_CXX_LANGUAGE_STANDARD = "gnu++0x";
				CLANG_CXX_LIBRARY = "libc++";
				CLANG_ENABLE_MODULES = YES;
				CLANG_ENABLE_OBJC_ARC = YES;
				CLANG_WARN_BOOL_CONVERSION = YES;
				CLANG_WARN_CONSTANT_CONVERSION = YES;
				CLANG_WARN_DIRECT_OBJC_ISA_USAGE = YES_ERROR;
				CLANG_WARN_EMPTY_BODY = YES;
				CLANG_WARN_ENUM_CONVERSION = YES;
				CLANG_WARN_INT_CONVERSION = YES;
				CLANG_WARN_OBJC_ROOT_CLASS = YES_ERROR;
				CLANG_WARN_UNREACHABLE_CODE = YES;
				CLANG_WARN__DUPLICATE_METHOD_MATCH = YES;
				CODE_SIGN_IDENTITY = "-";
				COPY_PHASE_STRIP = NO;
				DEBUG_INFORMATION_FORMAT = "dwarf-with-dsym";
				ENABLE_NS_ASSERTIONS = NO;
				ENABLE_STRICT_OBJC_MSGSEND = YES;
				GCC_C_LANGUAGE_STANDARD = gnu99;
				GCC_NO_COMMON_BLOCKS = YES;
				GCC_WARN_64_TO_32_BIT_CONVERSION = YES;
				GCC_WARN_ABOUT_RETURN_TYPE = YES_ERROR;
				GCC_WARN_UNDECLARED_SELECTOR = YES;
				GCC_WARN_UNINITIALIZED_AUTOS = YES_AGGRESSIVE;
				GCC_WARN_UNUSED_FUNCTION = YES;
				GCC_WARN_UNUSED_VARIABLE = YES;
				MACOSX_DEPLOYMENT_TARGET = 10.11;
				MTL_ENABLE_DEBUG_INFO = NO;
				SDKROOT = macosx;
			};
			name = Release;
		};
		113639581CA411F60027C632 /* Debug */ = {
			isa = XCBuildConfiguration;
			buildSettings = {
				PRODUCT_NAME = "$(TARGET_NAME)";
			};
			name = Debug;
		};
		113639591CA411F60027C632 /* Release */ = {
			isa = XCBuildConfiguration;
			buildSettings = {
				PRODUCT_NAME = "$(TARGET_NAME)";
			};
			name = Release;
		};
/* End XCBuildConfiguration section */

/* Begin XCConfigurationList section */
		1136394B1CA411F60027C632 /* Build configuration list for PBXProject "Projecteuler" */ = {
			isa = XCConfigurationList;
			buildConfigurations = (
				113639551CA411F60027C632 /* Debug */,
				113639561CA411F60027C632 /* Release */,
			);
			defaultConfigurationIsVisible = 0;
			defaultConfigurationName = Release;
		};
		113639571CA411F60027C632 /* Build configuration list for PBXNativeTarget "Projecteuler" */ = {
			isa = XCConfigurationList;
			buildConfigurations = (
				113639581CA411F60027C632 /* Debug */,
				113639591CA411F60027C632 /* Release */,
			);
			defaultConfigurationIsVisible = 0;
			defaultConfigurationName = Release;
		};
/* End XCConfigurationList section */
	};
	rootObject = 113639481CA411F60027C632 /* Project object */;
}
